PODS:
  - SDWebImage (5.5.1):
    - SDWebImage/Core (= 5.5.1)
  - SDWebImage/Core (5.5.1)
  - SDWebImageSwiftUI (0.10.3):
    - SDWebImage (~> 5.3)

DEPENDENCIES:
  - SDWebImageSwiftUI

SPEC REPOS:
  trunk:
    - SDWebImage
    - SDWebImageSwiftUI

SPEC CHECKSUMS:
  SDWebImage: 1245d058b7b8f59adef7a6da6bbafd4f1ab67041
  SDWebImageSwiftUI: 52a2dda1f76e2e5bf0b5ea4c0831737358656905

PODFILE CHECKSUM: 2b48dbf68216d3d50d8d2ff2c5d3f5105a1aabd5

COCOAPODS: 1.8.4
